
Microsoft Visual Studio Solution File, Format Version 10.00
# Visual Studio 2008
Project("{FAE04EC0-301F-11D3-BF4B-00C04F79EFBC}") = "POManager", "POManager\POManager.csproj", "{9E2BC37E-92EA-4AF4-BFF3-E2B61060EAE3}"
EndProject
Project("{54435603-DBB4-11D2-8724-00A0C9A8B90C}") = "InstallPOManager", "InstallPOManager\InstallPOManager.vdproj", "{1003A7F4-BDB9-4A23-AE88-0CC4C87351E7}"
EndProject
Global
	GlobalSection(SolutionConfigurationPlatforms) = preSolution
		Debug|Any CPU = Debug|Any CPU
		Release|Any CPU = Release|Any CPU
	EndGlobalSection
	GlobalSection(ProjectConfigurationPlatforms) = postSolution
		{9E2BC37E-92EA-4AF4-BFF3-E2B61060EAE3}.Debug|Any CPU.ActiveCfg = Debug|Any CPU
		{9E2BC37E-92EA-4AF4-BFF3-E2B61060EAE3}.Debug|Any CPU.Build.0 = Debug|Any CPU
		{9E2BC37E-92EA-4AF4-BFF3-E2B61060EAE3}.Release|Any CPU.ActiveCfg = Release|Any CPU
		{9E2BC37E-92EA-4AF4-BFF3-E2B61060EAE3}.Release|Any CPU.Build.0 = Release|Any CPU
		{1003A7F4-BDB9-4A23-AE88-0CC4C87351E7}.Debug|Any CPU.ActiveCfg = Debug
		{1003A7F4-BDB9-4A23-AE88-0CC4C87351E7}.Release|Any CPU.ActiveCfg = Release
	EndGlobalSection
	GlobalSection(SolutionProperties) = preSolution
		HideSolutionNode = FALSE
	EndGlobalSection
EndGlobal
